
Microsoft Visual Studio Solution File, Format Version 12.00
# Visual Studio Version 17
VisualStudioVersion = 17.3.32922.545
MinimumVisualStudioVersion = 10.0.40219.1
Project("{FAE04EC0-301F-11D3-BF4B-00C04F79EFBC}") = "Duk_Theme", "Duk_Theme.csproj", "{387362E1-41A7-432B-876F-FF37A2CFC80E}"
EndProject
Global
	GlobalSection(SolutionConfigurationPlatforms) = preSolution
		Debug|Any CPU = Debug|Any CPU
		Release|Any CPU = Release|Any CPU
	EndGlobalSection
	GlobalSection(ProjectConfigurationPlatforms) = postSolution
		{387362E1-41A7-432B-876F-FF37A2CFC80E}.Debug|Any CPU.ActiveCfg = Debug|Any CPU
		{387362E1-41A7-432B-876F-FF37A2CFC80E}.Debug|Any CPU.Build.0 = Debug|Any CPU
		{387362E1-41A7-432B-876F-FF37A2CFC80E}.Release|Any CPU.ActiveCfg = Release|Any CPU
		{387362E1-41A7-432B-876F-FF37A2CFC80E}.Release|Any CPU.Build.0 = Release|Any CPU
	EndGlobalSection
	GlobalSection(SolutionProperties) = preSolution
		HideSolutionNode = FALSE
	EndGlobalSection
	GlobalSection(ExtensibilityGlobals) = postSolution
		SolutionGuid = {04620D60-A8A7-4242-8E7B-D5DC29C5EA96}
	EndGlobalSection
EndGlobal
